// !$*UTF8*$!
{
	archiveVersion = 1;
	classes = {
	};
	objectVersion = 50;
	objects = {

/* Begin PBXBuildFile section */
		8B469DA820EAA24600E0E255 /* main.jsbundle in Resources */ = {isa = PBXBuildFile; fileRef = 8B469DA720EAA24500E0E255 /* main.jsbundle */; };
		8B5F114620DF1F4A00423CBD /* HomeScreenViewController.swift in Sources */ = {isa = PBXBuildFile; fileRef = 8B5F114520DF1F4A00423CBD /* HomeScreenViewController.swift */; };
		8B5F114B20DF278800423CBD /* HTReactNativeHostController.m in Sources */ = {isa = PBXBuildFile; fileRef = 8B5F114A20DF278800423CBD /* HTReactNativeHostController.m */; };
		8B6D4E5420F24E320026A365 /* ReactNativeConstants.swift in Sources */ = {isa = PBXBuildFile; fileRef = 8B6D4E5320F24E320026A365 /* ReactNativeConstants.swift */; };
		8B6D4E5620F257EF0026A365 /* ReactNativeScreenManager.swift in Sources */ = {isa = PBXBuildFile; fileRef = 8B6D4E5520F257EF0026A365 /* ReactNativeScreenManager.swift */; };
		8BB3C99120DF4D190079561A /* HTReactNativeEvent.m in Sources */ = {isa = PBXBuildFile; fileRef = 8BB3C99020DF4D190079561A /* HTReactNativeEvent.m */; };
		8BD954F721095549005DB659 /* screens.json in Resources */ = {isa = PBXBuildFile; fileRef = 8BD954F621095548005DB659 /* screens.json */; };
		8BE2499220D744A80014CBCF /* AppDelegate.swift in Sources */ = {isa = PBXBuildFile; fileRef = 8BE2499120D744A80014CBCF /* AppDelegate.swift */; };
		8BE2499420D744A80014CBCF /* ReactNativeViewController.swift in Sources */ = {isa = PBXBuildFile; fileRef = 8BE2499320D744A80014CBCF /* ReactNativeViewController.swift */; };
		8BE2499920D744AA0014CBCF /* Assets.xcassets in Resources */ = {isa = PBXBuildFile; fileRef = 8BE2499820D744AA0014CBCF /* Assets.xcassets */; };
		8BE2499C20D744AA0014CBCF /* LaunchScreen.storyboard in Resources */ = {isa = PBXBuildFile; fileRef = 8BE2499A20D744AA0014CBCF /* LaunchScreen.storyboard */; };
		8E5CFD4F7CF71FC391AB026D /* Pods_BrownFieldExample.framework in Frameworks */ = {isa = PBXBuildFile; fileRef = D398949FE4B40D65CBA6F0D1 /* Pods_BrownFieldExample.framework */; };
/* End PBXBuildFile section */

/* Begin PBXFileReference section */
		8B469DA720EAA24500E0E255 /* main.jsbundle */ = {isa = PBXFileReference; fileEncoding = 4; lastKnownFileType = text; path = main.jsbundle; sourceTree = "<group>"; };
		8B5F114520DF1F4A00423CBD /* HomeScreenViewController.swift */ = {isa = PBXFileReference; lastKnownFileType = sourcecode.swift; path = HomeScreenViewController.swift; sourceTree = "<group>"; };
		8B5F114920DF278800423CBD /* BrownFieldExample-Bridging-Header.h */ = {isa = PBXFileReference; lastKnownFileType = sourcecode.c.h; path = "BrownFieldExample-Bridging-Header.h"; sourceTree = "<group>"; };
		8B5F114A20DF278800423CBD /* HTReactNativeHostController.m */ = {isa = PBXFileReference; lastKnownFileType = sourcecode.c.objc; path = HTReactNativeHostController.m; sourceTree = "<group>"; };
		8B5F114C20DF27A700423CBD /* HTReactNativeHostController.h */ = {isa = PBXFileReference; lastKnownFileType = sourcecode.c.h; path = HTReactNativeHostController.h; sourceTree = "<group>"; };
		8B6D4E5320F24E320026A365 /* ReactNativeConstants.swift */ = {isa = PBXFileReference; lastKnownFileType = sourcecode.swift; path = ReactNativeConstants.swift; sourceTree = "<group>"; };
		8B6D4E5520F257EF0026A365 /* ReactNativeScreenManager.swift */ = {isa = PBXFileReference; lastKnownFileType = sourcecode.swift; path = ReactNativeScreenManager.swift; sourceTree = "<group>"; };
		8B80CC94256EE8CCD193EF1B /* Pods-BrownFieldExample.release.xcconfig */ = {isa = PBXFileReference; includeInIndex = 1; lastKnownFileType = text.xcconfig; name = "Pods-BrownFieldExample.release.xcconfig"; path = "Pods/Target Support Files/Pods-BrownFieldExample/Pods-BrownFieldExample.release.xcconfig"; sourceTree = "<group>"; };
		8BB3C99020DF4D190079561A /* HTReactNativeEvent.m */ = {isa = PBXFileReference; lastKnownFileType = sourcecode.c.objc; path = HTReactNativeEvent.m; sourceTree = "<group>"; };
		8BB3C99220DF4D2C0079561A /* HTReactNativeEvent.h */ = {isa = PBXFileReference; lastKnownFileType = sourcecode.c.h; path = HTReactNativeEvent.h; sourceTree = "<group>"; };
		8BD954F621095548005DB659 /* screens.json */ = {isa = PBXFileReference; fileEncoding = 4; lastKnownFileType = text.json; path = screens.json; sourceTree = "<group>"; };
		8BE2498E20D744A80014CBCF /* BrownFieldExample.app */ = {isa = PBXFileReference; explicitFileType = wrapper.application; includeInIndex = 0; path = BrownFieldExample.app; sourceTree = BUILT_PRODUCTS_DIR; };
		8BE2499120D744A80014CBCF /* AppDelegate.swift */ = {isa = PBXFileReference; lastKnownFileType = sourcecode.swift; path = AppDelegate.swift; sourceTree = "<group>"; };
		8BE2499320D744A80014CBCF /* ReactNativeViewController.swift */ = {isa = PBXFileReference; lastKnownFileType = sourcecode.swift; path = ReactNativeViewController.swift; sourceTree = "<group>"; };
		8BE2499820D744AA0014CBCF /* Assets.xcassets */ = {isa = PBXFileReference; lastKnownFileType = folder.assetcatalog; path = Assets.xcassets; sourceTree = "<group>"; };
		8BE2499B20D744AA0014CBCF /* Base */ = {isa = PBXFileReference; lastKnownFileType = file.storyboard; name = Base; path = Base.lproj/LaunchScreen.storyboard; sourceTree = "<group>"; };
		8BE2499D20D744AA0014CBCF /* Info.plist */ = {isa = PBXFileReference; lastKnownFileType = text.plist.xml; path = Info.plist; sourceTree = "<group>"; };
		C3C4F0B58B0CFB7D5892665F /* Pods-BrownFieldExample.debug.xcconfig */ = {isa = PBXFileReference; includeInIndex = 1; lastKnownFileType = text.xcconfig; name = "Pods-BrownFieldExample.debug.xcconfig"; path = "Pods/Target Support Files/Pods-BrownFieldExample/Pods-BrownFieldExample.debug.xcconfig"; sourceTree = "<group>"; };
		D398949FE4B40D65CBA6F0D1 /* Pods_BrownFieldExample.framework */ = {isa = PBXFileReference; explicitFileType = wrapper.framework; includeInIndex = 0; path = Pods_BrownFieldExample.framework; sourceTree = BUILT_PRODUCTS_DIR; };
/* End PBXFileReference section */

/* Begin PBXFrameworksBuildPhase section */
		8BE2498B20D744A80014CBCF /* Frameworks */ = {
			isa = PBXFrameworksBuildPhase;
			buildActionMask = 2147483647;
			files = (
				8E5CFD4F7CF71FC391AB026D /* Pods_BrownFieldExample.framework in Frameworks */,
			);
			runOnlyForDeploymentPostprocessing = 0;
		};
/* End PBXFrameworksBuildPhase section */

/* Begin PBXGroup section */
		03D3296FA5AD75E0AAF6B42E /* Frameworks */ = {
			isa = PBXGroup;
			children = (
				D398949FE4B40D65CBA6F0D1 /* Pods_BrownFieldExample.framework */,
			);
			name = Frameworks;
			sourceTree = "<group>";
		};
		73E31098D317953BF26F6D60 /* Pods */ = {
			isa = PBXGroup;
			children = (
				C3C4F0B58B0CFB7D5892665F /* Pods-BrownFieldExample.debug.xcconfig */,
				8B80CC94256EE8CCD193EF1B /* Pods-BrownFieldExample.release.xcconfig */,
			);
			name = Pods;
			sourceTree = "<group>";
		};
		8B5F114820DF266200423CBD /* Supporting Files */ = {
			isa = PBXGroup;
			children = (
			);
			path = "Supporting Files";
			sourceTree = "<group>";
		};
		8BE2498520D744A80014CBCF = {
			isa = PBXGroup;
			children = (
				8BE2499020D744A80014CBCF /* BrownFieldExample */,
				8BE2498F20D744A80014CBCF /* Products */,
				73E31098D317953BF26F6D60 /* Pods */,
				03D3296FA5AD75E0AAF6B42E /* Frameworks */,
			);
			sourceTree = "<group>";
		};
		8BE2498F20D744A80014CBCF /* Products */ = {
			isa = PBXGroup;
			children = (
				8BE2498E20D744A80014CBCF /* BrownFieldExample.app */,
			);
			name = Products;
			sourceTree = "<group>";
		};
		8BE2499020D744A80014CBCF /* BrownFieldExample */ = {
			isa = PBXGroup;
			children = (
				8BD954F621095548005DB659 /* screens.json */,
				8B469DA720EAA24500E0E255 /* main.jsbundle */,
				8B5F114820DF266200423CBD /* Supporting Files */,
				8BE2499120D744A80014CBCF /* AppDelegate.swift */,
				8BE2499320D744A80014CBCF /* ReactNativeViewController.swift */,
				8BE2499820D744AA0014CBCF /* Assets.xcassets */,
				8BE2499A20D744AA0014CBCF /* LaunchScreen.storyboard */,
				8BE2499D20D744AA0014CBCF /* Info.plist */,
				8B5F114520DF1F4A00423CBD /* HomeScreenViewController.swift */,
				8B5F114A20DF278800423CBD /* HTReactNativeHostController.m */,
				8B5F114920DF278800423CBD /* BrownFieldExample-Bridging-Header.h */,
				8B5F114C20DF27A700423CBD /* HTReactNativeHostController.h */,
				8BB3C99020DF4D190079561A /* HTReactNativeEvent.m */,
				8BB3C99220DF4D2C0079561A /* HTReactNativeEvent.h */,
				8B6D4E5320F24E320026A365 /* ReactNativeConstants.swift */,
				8B6D4E5520F257EF0026A365 /* ReactNativeScreenManager.swift */,
			);
			path = BrownFieldExample;
			sourceTree = "<group>";
		};
/* End PBXGroup section */

/* Begin PBXNativeTarget section */
		8BE2498D20D744A80014CBCF /* BrownFieldExample */ = {
			isa = PBXNativeTarget;
			buildConfigurationList = 8BE249A020D744AA0014CBCF /* Build configuration list for PBXNativeTarget "BrownFieldExample" */;
			buildPhases = (
				A296553FFD2923F6453F8686 /* [CP] Check Pods Manifest.lock */,
				8BE2498A20D744A80014CBCF /* Sources */,
				8BE2498B20D744A80014CBCF /* Frameworks */,
				8BE2498C20D744A80014CBCF /* Resources */,
				A11C18C06F0BCEE70B91674C /* [CP] Embed Pods Frameworks */,
				8BD954F8210A87D8005DB659 /* ShellScript */,
			);
			buildRules = (
			);
			dependencies = (
			);
			name = BrownFieldExample;
			productName = BrownFieldExample;
			productReference = 8BE2498E20D744A80014CBCF /* BrownFieldExample.app */;
			productType = "com.apple.product-type.application";
		};
/* End PBXNativeTarget section */

/* Begin PBXProject section */
		8BE2498620D744A80014CBCF /* Project object */ = {
			isa = PBXProject;
			attributes = {
				LastSwiftUpdateCheck = 0930;
				LastUpgradeCheck = 0930;
				ORGANIZATIONNAME = "Harry Tormey";
				TargetAttributes = {
					8BE2498D20D744A80014CBCF = {
						CreatedOnToolsVersion = 9.3;
						LastSwiftMigration = 0930;
					};
				};
			};
			buildConfigurationList = 8BE2498920D744A80014CBCF /* Build configuration list for PBXProject "BrownFieldExample" */;
			compatibilityVersion = "Xcode 9.3";
			developmentRegion = en;
			hasScannedForEncodings = 0;
			knownRegions = (
				en,
				Base,
			);
			mainGroup = 8BE2498520D744A80014CBCF;
			productRefGroup = 8BE2498F20D744A80014CBCF /* Products */;
			projectDirPath = "";
			projectRoot = "";
			targets = (
				8BE2498D20D744A80014CBCF /* BrownFieldExample */,
			);
		};
/* End PBXProject section */

/* Begin PBXResourcesBuildPhase section */
		8BE2498C20D744A80014CBCF /* Resources */ = {
			isa = PBXResourcesBuildPhase;
			buildActionMask = 2147483647;
			files = (
				8B469DA820EAA24600E0E255 /* main.jsbundle in Resources */,
				8BE2499C20D744AA0014CBCF /* LaunchScreen.storyboard in Resources */,
				8BE2499920D744AA0014CBCF /* Assets.xcassets in Resources */,
				8BD954F721095549005DB659 /* screens.json in Resources */,
			);
			runOnlyForDeploymentPostprocessing = 0;
		};
/* End PBXResourcesBuildPhase section */

/* Begin PBXShellScriptBuildPhase section */
		8BD954F8210A87D8005DB659 /* ShellScript */ = {
			isa = PBXShellScriptBuildPhase;
			buildActionMask = 2147483647;
			files = (
			);
			inputPaths = (
			);
			outputPaths = (
			);
			runOnlyForDeploymentPostprocessing = 0;
			shellPath = /bin/sh;
			shellScript = "/usr/local/bin/node  $PROJECT_DIR\"../../scripts/screens.js\" ";
		};
		A11C18C06F0BCEE70B91674C /* [CP] Embed Pods Frameworks */ = {
			isa = PBXShellScriptBuildPhase;
			buildActionMask = 2147483647;
			files = (
			);
			inputFileListPaths = (
				"${PODS_ROOT}/Target Support Files/Pods-BrownFieldExample/Pods-BrownFieldExample-frameworks-${CONFIGURATION}-input-files.xcfilelist",
			);
			name = "[CP] Embed Pods Frameworks";
			outputFileListPaths = (
				"${PODS_ROOT}/Target Support Files/Pods-BrownFieldExample/Pods-BrownFieldExample-frameworks-${CONFIGURATION}-output-files.xcfilelist",
			);
			runOnlyForDeploymentPostprocessing = 0;
			shellPath = /bin/sh;
			shellScript = "\"${PODS_ROOT}/Target Support Files/Pods-BrownFieldExample/Pods-BrownFieldExample-frameworks.sh\"\n";
			showEnvVarsInLog = 0;
		};
		A296553FFD2923F6453F8686 /* [CP] Check Pods Manifest.lock */ = {
			isa = PBXShellScriptBuildPhase;
			buildActionMask = 2147483647;
			files = (
			);
			inputPaths = (
				"${PODS_PODFILE_DIR_PATH}/Podfile.lock",
				"${PODS_ROOT}/Manifest.lock",
			);
			name = "[CP] Check Pods Manifest.lock";
			outputPaths = (
				"$(DERIVED_FILE_DIR)/Pods-BrownFieldExample-checkManifestLockResult.txt",
			);
			runOnlyForDeploymentPostprocessing = 0;
			shellPath = /bin/sh;
			shellScript = "diff \"${PODS_PODFILE_DIR_PATH}/Podfile.lock\" \"${PODS_ROOT}/Manifest.lock\" > /dev/null\nif [ $? != 0 ] ; then\n    # print error to STDERR\n    echo \"error: The sandbox is not in sync with the Podfile.lock. Run 'pod install' or update your CocoaPods installation.\" >&2\n    exit 1\nfi\n# This output is used by Xcode 'outputs' to avoid re-running this script phase.\necho \"SUCCESS\" > \"${SCRIPT_OUTPUT_FILE_0}\"\n";
			showEnvVarsInLog = 0;
		};
/* End PBXShellScriptBuildPhase section */

/* Begin PBXSourcesBuildPhase section */
		8BE2498A20D744A80014CBCF /* Sources */ = {
			isa = PBXSourcesBuildPhase;
			buildActionMask = 2147483647;
			files = (
				8B6D4E5620F257EF0026A365 /* ReactNativeScreenManager.swift in Sources */,
				8B5F114B20DF278800423CBD /* HTReactNativeHostController.m in Sources */,
				8BE2499420D744A80014CBCF /* ReactNativeViewController.swift in Sources */,
				8B6D4E5420F24E320026A365 /* ReactNativeConstants.swift in Sources */,
				8BE2499220D744A80014CBCF /* AppDelegate.swift in Sources */,
				8BB3C99120DF4D190079561A /* HTReactNativeEvent.m in Sources */,
				8B5F114620DF1F4A00423CBD /* HomeScreenViewController.swift in Sources */,
			);
			runOnlyForDeploymentPostprocessing = 0;
		};
/* End PBXSourcesBuildPhase section */

/* Begin PBXVariantGroup section */
		8BE2499A20D744AA0014CBCF /* LaunchScreen.storyboard */ = {
			isa = PBXVariantGroup;
			children = (
				8BE2499B20D744AA0014CBCF /* Base */,
			);
			name = LaunchScreen.storyboard;
			sourceTree = "<group>";
		};
/* End PBXVariantGroup section */

/* Begin XCBuildConfiguration section */
		8BE2499E20D744AA0014CBCF /* Debug */ = {
			isa = XCBuildConfiguration;
			buildSettings = {
				ALWAYS_SEARCH_USER_PATHS = NO;
				CLANG_ANALYZER_NONNULL = YES;
				CLANG_ANALYZER_NUMBER_OBJECT_CONVERSION = YES_AGGRESSIVE;
				CLANG_CXX_LANGUAGE_STANDARD = "gnu++14";
				CLANG_CXX_LIBRARY = "libc++";
				CLANG_ENABLE_MODULES = YES;
				CLANG_ENABLE_OBJC_ARC = YES;
				CLANG_ENABLE_OBJC_WEAK = YES;
				CLANG_WARN_BLOCK_CAPTURE_AUTORELEASING = YES;
				CLANG_WARN_BOOL_CONVERSION = YES;
				CLANG_WARN_COMMA = YES;
				CLANG_WARN_CONSTANT_CONVERSION = YES;
				CLANG_WARN_DEPRECATED_OBJC_IMPLEMENTATIONS = YES;
				CLANG_WARN_DIRECT_OBJC_ISA_USAGE = YES_ERROR;
				CLANG_WARN_DOCUMENTATION_COMMENTS = YES;
				CLANG_WARN_EMPTY_BODY = YES;
				CLANG_WARN_ENUM_CONVERSION = YES;
				CLANG_WARN_INFINITE_RECURSION = YES;
				CLANG_WARN_INT_CONVERSION = YES;
				CLANG_WARN_NON_LITERAL_NULL_CONVERSION = YES;
				CLANG_WARN_OBJC_IMPLICIT_RETAIN_SELF = YES;
				CLANG_WARN_OBJC_LITERAL_CONVERSION = YES;
				CLANG_WARN_OBJC_ROOT_CLASS = YES_ERROR;
				CLANG_WARN_RANGE_LOOP_ANALYSIS = YES;
				CLANG_WARN_STRICT_PROTOTYPES = YES;
				CLANG_WARN_SUSPICIOUS_MOVE = YES;
				CLANG_WARN_UNGUARDED_AVAILABILITY = YES_AGGRESSIVE;
				CLANG_WARN_UNREACHABLE_CODE = YES;
				CLANG_WARN__DUPLICATE_METHOD_MATCH = YES;
				CODE_SIGN_IDENTITY = "iPhone Developer";
				COPY_PHASE_STRIP = NO;
				DEBUG_INFORMATION_FORMAT = dwarf;
				ENABLE_STRICT_OBJC_MSGSEND = YES;
				ENABLE_TESTABILITY = YES;
				GCC_C_LANGUAGE_STANDARD = gnu11;
				GCC_DYNAMIC_NO_PIC = NO;
				GCC_NO_COMMON_BLOCKS = YES;
				GCC_OPTIMIZATION_LEVEL = 0;
				GCC_PREPROCESSOR_DEFINITIONS = (
					"DEBUG=1",
					"$(inherited)",
				);
				GCC_WARN_64_TO_32_BIT_CONVERSION = YES;
				GCC_WARN_ABOUT_RETURN_TYPE = YES_ERROR;
				GCC_WARN_UNDECLARED_SELECTOR = YES;
				GCC_WARN_UNINITIALIZED_AUTOS = YES_AGGRESSIVE;
				GCC_WARN_UNUSED_FUNCTION = YES;
				GCC_WARN_UNUSED_VARIABLE = YES;
				IPHONEOS_DEPLOYMENT_TARGET = 11.3;
				MTL_ENABLE_DEBUG_INFO = YES;
				ONLY_ACTIVE_ARCH = YES;
				SDKROOT = iphoneos;
				SWIFT_ACTIVE_COMPILATION_CONDITIONS = DEBUG;
				SWIFT_OPTIMIZATION_LEVEL = "-Onone";
			};
			name = Debug;
		};
		8BE2499F20D744AA0014CBCF /* Release */ = {
			isa = XCBuildConfiguration;
			buildSettings = {
				ALWAYS_SEARCH_USER_PATHS = NO;
				CLANG_ANALYZER_NONNULL = YES;
				CLANG_ANALYZER_NUMBER_OBJECT_CONVERSION = YES_AGGRESSIVE;
				CLANG_CXX_LANGUAGE_STANDARD = "gnu++14";
				CLANG_CXX_LIBRARY = "libc++";
				CLANG_ENABLE_MODULES = YES;
				CLANG_ENABLE_OBJC_ARC = YES;
				CLANG_ENABLE_OBJC_WEAK = YES;
				CLANG_WARN_BLOCK_CAPTURE_AUTORELEASING = YES;
				CLANG_WARN_BOOL_CONVERSION = YES;
				CLANG_WARN_COMMA = YES;
				CLANG_WARN_CONSTANT_CONVERSION = YES;
				CLANG_WARN_DEPRECATED_OBJC_IMPLEMENTATIONS = YES;
				CLANG_WARN_DIRECT_OBJC_ISA_USAGE = YES_ERROR;
				CLANG_WARN_DOCUMENTATION_COMMENTS = YES;
				CLANG_WARN_EMPTY_BODY = YES;
				CLANG_WARN_ENUM_CONVERSION = YES;
				CLANG_WARN_INFINITE_RECURSION = YES;
				CLANG_WARN_INT_CONVERSION = YES;
				CLANG_WARN_NON_LITERAL_NULL_CONVERSION = YES;
				CLANG_WARN_OBJC_IMPLICIT_RETAIN_SELF = YES;
				CLANG_WARN_OBJC_LITERAL_CONVERSION = YES;
				CLANG_WARN_OBJC_ROOT_CLASS = YES_ERROR;
				CLANG_WARN_RANGE_LOOP_ANALYSIS = YES;
				CLANG_WARN_STRICT_PROTOTYPES = YES;
				CLANG_WARN_SUSPICIOUS_MOVE = YES;
				CLANG_WARN_UNGUARDED_AVAILABILITY = YES_AGGRESSIVE;
				CLANG_WARN_UNREACHABLE_CODE = YES;
				CLANG_WARN__DUPLICATE_METHOD_MATCH = YES;
				CODE_SIGN_IDENTITY = "iPhone Developer";
				COPY_PHASE_STRIP = NO;
				DEBUG_INFORMATION_FORMAT = "dwarf-with-dsym";
				ENABLE_NS_ASSERTIONS = NO;
				ENABLE_STRICT_OBJC_MSGSEND = YES;
				GCC_C_LANGUAGE_STANDARD = gnu11;
				GCC_NO_COMMON_BLOCKS = YES;
				GCC_WARN_64_TO_32_BIT_CONVERSION = YES;
				GCC_WARN_ABOUT_RETURN_TYPE = YES_ERROR;
				GCC_WARN_UNDECLARED_SELECTOR = YES;
				GCC_WARN_UNINITIALIZED_AUTOS = YES_AGGRESSIVE;
				GCC_WARN_UNUSED_FUNCTION = YES;
				GCC_WARN_UNUSED_VARIABLE = YES;
				IPHONEOS_DEPLOYMENT_TARGET = 11.3;
				MTL_ENABLE_DEBUG_INFO = NO;
				SDKROOT = iphoneos;
				SWIFT_COMPILATION_MODE = wholemodule;
				SWIFT_OPTIMIZATION_LEVEL = "-O";
				VALIDATE_PRODUCT = YES;
			};
			name = Release;
		};
		8BE249A120D744AA0014CBCF /* Debug */ = {
			isa = XCBuildConfiguration;
			baseConfigurationReference = C3C4F0B58B0CFB7D5892665F /* Pods-BrownFieldExample.debug.xcconfig */;
			buildSettings = {
				ASSETCATALOG_COMPILER_APPICON_NAME = AppIcon;
				CLANG_ENABLE_MODULES = YES;
				CODE_SIGN_STYLE = Automatic;
				DEVELOPMENT_TEAM = 8CY96XU47F;
				INFOPLIST_FILE = BrownFieldExample/Info.plist;
				LD_RUNPATH_SEARCH_PATHS = (
					"$(inherited)",
					"@executable_path/Frameworks",
				);
				PRODUCT_BUNDLE_IDENTIFIER = launchdrawer.BrownFieldExample;
				PRODUCT_NAME = "$(TARGET_NAME)";
				SWIFT_OBJC_BRIDGING_HEADER = "BrownFieldExample/BrownFieldExample-Bridging-Header.h";
				SWIFT_OPTIMIZATION_LEVEL = "-Onone";
				SWIFT_VERSION = 4.0;
				TARGETED_DEVICE_FAMILY = "1,2";
			};
			name = Debug;
		};
		8BE249A220D744AA0014CBCF /* Release */ = {
			isa = XCBuildConfiguration;
			baseConfigurationReference = 8B80CC94256EE8CCD193EF1B /* Pods-BrownFieldExample.release.xcconfig */;
			buildSettings = {
				ASSETCATALOG_COMPILER_APPICON_NAME = AppIcon;
				CLANG_ENABLE_MODULES = YES;
				CODE_SIGN_STYLE = Automatic;
				DEVELOPMENT_TEAM = 8CY96XU47F;
				INFOPLIST_FILE = BrownFieldExample/Info.plist;
				LD_RUNPATH_SEARCH_PATHS = (
					"$(inherited)",
					"@executable_path/Frameworks",
				);
				PRODUCT_BUNDLE_IDENTIFIER = launchdrawer.BrownFieldExample;
				PRODUCT_NAME = "$(TARGET_NAME)";
				SWIFT_OBJC_BRIDGING_HEADER = "BrownFieldExample/BrownFieldExample-Bridging-Header.h";
				SWIFT_VERSION = 4.0;
				TARGETED_DEVICE_FAMILY = "1,2";
			};
			name = Release;
		};
/* End XCBuildConfiguration section */

/* Begin XCConfigurationList section */
		8BE2498920D744A80014CBCF /* Build configuration list for PBXProject "BrownFieldExample" */ = {
			isa = XCConfigurationList;
			buildConfigurations = (
				8BE2499E20D744AA0014CBCF /* Debug */,
				8BE2499F20D744AA0014CBCF /* Release */,
			);
			defaultConfigurationIsVisible = 0;
			defaultConfigurationName = Release;
		};
		8BE249A020D744AA0014CBCF /* Build configuration list for PBXNativeTarget "BrownFieldExample" */ = {
			isa = XCConfigurationList;
			buildConfigurations = (
				8BE249A120D744AA0014CBCF /* Debug */,
				8BE249A220D744AA0014CBCF /* Release */,
			);
			defaultConfigurationIsVisible = 0;
			defaultConfigurationName = Release;
		};
/* End XCConfigurationList section */
	};
	rootObject = 8BE2498620D744A80014CBCF /* Project object */;
}
